
Microsoft Visual Studio Solution File, Format Version 12.00
# Visual Studio 15
VisualStudioVersion = 15.0.28307.779
MinimumVisualStudioVersion = 10.0.40219.1
Project("{FAE04EC0-301F-11D3-BF4B-00C04F79EFBC}") = "Class Project 3- Arrays", "Class Project 3- Arrays\Class Project 3- Arrays.csproj", "{AD993713-132F-4C82-AD8D-AAA29AE8EA42}"
EndProject
Global
	GlobalSection(SolutionConfigurationPlatforms) = preSolution
		Debug|Any CPU = Debug|Any CPU
		Release|Any CPU = Release|Any CPU
	EndGlobalSection
	GlobalSection(ProjectConfigurationPlatforms) = postSolution
		{AD993713-132F-4C82-AD8D-AAA29AE8EA42}.Debug|Any CPU.ActiveCfg = Debug|Any CPU
		{AD993713-132F-4C82-AD8D-AAA29AE8EA42}.Debug|Any CPU.Build.0 = Debug|Any CPU
		{AD993713-132F-4C82-AD8D-AAA29AE8EA42}.Release|Any CPU.ActiveCfg = Release|Any CPU
		{AD993713-132F-4C82-AD8D-AAA29AE8EA42}.Release|Any CPU.Build.0 = Release|Any CPU
	EndGlobalSection
	GlobalSection(SolutionProperties) = preSolution
		HideSolutionNode = FALSE
	EndGlobalSection
	GlobalSection(ExtensibilityGlobals) = postSolution
		SolutionGuid = {C06C31D6-B048-463F-80A2-87A5802B6172}
	EndGlobalSection
EndGlobal
